// !$*UTF8*$!
{
	archiveVersion = 1;
	classes = {
	};
	objectVersion = 46;
	objects = {

/* Begin PBXBuildFile section */
		8F0A5F6F1A549D10005A733B /* Scheme.c in Sources */ = {isa = PBXBuildFile; fileRef = 8F0A5F6E1A549D10005A733B /* Scheme.c */; };
		8FBCD3391A58835C00672778 /* s7.c in Sources */ = {isa = PBXBuildFile; fileRef = 8F0A5F681A549C1F005A733B /* s7.c */; };
/* End PBXBuildFile section */

/* Begin PBXFileReference section */
		8F0A5F681A549C1F005A733B /* s7.c */ = {isa = PBXFileReference; lastKnownFileType = sourcecode.c.c; path = s7.c; sourceTree = "<group>"; };
		8F0A5F691A549C1F005A733B /* s7.h */ = {isa = PBXFileReference; lastKnownFileType = sourcecode.c.h; path = s7.h; sourceTree = "<group>"; };
		8F0A5F6C1A549C1F005A733B /* m_pd.h */ = {isa = PBXFileReference; lastKnownFileType = sourcecode.c.h; path = m_pd.h; sourceTree = "<group>"; };
		8F0A5F6D1A549C2A005A733B /* scheme.pd_darwin */ = {isa = PBXFileReference; explicitFileType = "compiled.mach-o.dylib"; includeInIndex = 0; path = scheme.pd_darwin; sourceTree = BUILT_PRODUCTS_DIR; };
		8F0A5F6E1A549D10005A733B /* Scheme.c */ = {isa = PBXFileReference; fileEncoding = 4; lastKnownFileType = sourcecode.c.c; path = Scheme.c; sourceTree = "<group>"; };
/* End PBXFileReference section */

/* Begin PBXFrameworksBuildPhase section */
		8F0A5F5C1A549BC2005A733B /* Frameworks */ = {
			isa = PBXFrameworksBuildPhase;
			buildActionMask = 2147483647;
			files = (
			);
			runOnlyForDeploymentPostprocessing = 0;
		};
/* End PBXFrameworksBuildPhase section */

/* Begin PBXGroup section */
		8F0A5F561A549BC2005A733B = {
			isa = PBXGroup;
			children = (
				8F0A5F671A549C1F005A733B /* s7 */,
				8F0A5F6A1A549C1F005A733B /* Source */,
				8F0A5F6B1A549C1F005A733B /* Lib */,
				8F0A5F6D1A549C2A005A733B /* scheme.pd_darwin */,
			);
			sourceTree = "<group>";
		};
		8F0A5F671A549C1F005A733B /* s7 */ = {
			isa = PBXGroup;
			children = (
				8F0A5F681A549C1F005A733B /* s7.c */,
				8F0A5F691A549C1F005A733B /* s7.h */,
			);
			path = s7;
			sourceTree = "<group>";
		};
		8F0A5F6A1A549C1F005A733B /* Source */ = {
			isa = PBXGroup;
			children = (
				8F0A5F6E1A549D10005A733B /* Scheme.c */,
			);
			path = Source;
			sourceTree = "<group>";
		};
		8F0A5F6B1A549C1F005A733B /* Lib */ = {
			isa = PBXGroup;
			children = (
				8F0A5F6C1A549C1F005A733B /* m_pd.h */,
			);
			path = Lib;
			sourceTree = "<group>";
		};
/* End PBXGroup section */

/* Begin PBXHeadersBuildPhase section */
		8F0A5F5D1A549BC2005A733B /* Headers */ = {
			isa = PBXHeadersBuildPhase;
			buildActionMask = 2147483647;
			files = (
			);
			runOnlyForDeploymentPostprocessing = 0;
		};
/* End PBXHeadersBuildPhase section */

/* Begin PBXNativeTarget section */
		8F0A5F5E1A549BC2005A733B /* Pd_Scheme */ = {
			isa = PBXNativeTarget;
			buildConfigurationList = 8F0A5F631A549BC2005A733B /* Build configuration list for PBXNativeTarget "Pd_Scheme" */;
			buildPhases = (
				8F0A5F5B1A549BC2005A733B /* Sources */,
				8F0A5F5C1A549BC2005A733B /* Frameworks */,
				8F0A5F5D1A549BC2005A733B /* Headers */,
			);
			buildRules = (
			);
			dependencies = (
			);
			name = Pd_Scheme;
			productName = Pd_Scheme;
			productReference = 8F0A5F6D1A549C2A005A733B /* scheme.pd_darwin */;
			productType = "com.apple.product-type.library.dynamic";
		};
/* End PBXNativeTarget section */

/* Begin PBXProject section */
		8F0A5F571A549BC2005A733B /* Project object */ = {
			isa = PBXProject;
			attributes = {
				LastUpgradeCheck = 0510;
			};
			buildConfigurationList = 8F0A5F5A1A549BC2005A733B /* Build configuration list for PBXProject "Pd_Scheme" */;
			compatibilityVersion = "Xcode 3.2";
			developmentRegion = English;
			hasScannedForEncodings = 0;
			knownRegions = (
				en,
			);
			mainGroup = 8F0A5F561A549BC2005A733B;
			productRefGroup = 8F0A5F561A549BC2005A733B;
			projectDirPath = "";
			projectRoot = "";
			targets = (
				8F0A5F5E1A549BC2005A733B /* Pd_Scheme */,
			);
		};
/* End PBXProject section */

/* Begin PBXSourcesBuildPhase section */
		8F0A5F5B1A549BC2005A733B /* Sources */ = {
			isa = PBXSourcesBuildPhase;
			buildActionMask = 2147483647;
			files = (
				8FBCD3391A58835C00672778 /* s7.c in Sources */,
				8F0A5F6F1A549D10005A733B /* Scheme.c in Sources */,
			);
			runOnlyForDeploymentPostprocessing = 0;
		};
/* End PBXSourcesBuildPhase section */

/* Begin XCBuildConfiguration section */
		8F0A5F611A549BC2005A733B /* Debug */ = {
			isa = XCBuildConfiguration;
			buildSettings = {
				ALWAYS_SEARCH_USER_PATHS = NO;
				CLANG_CXX_LANGUAGE_STANDARD = "gnu++0x";
				CLANG_CXX_LIBRARY = "libc++";
				CLANG_ENABLE_MODULES = YES;
				CLANG_ENABLE_OBJC_ARC = YES;
				CLANG_WARN_BOOL_CONVERSION = YES;
				CLANG_WARN_CONSTANT_CONVERSION = YES;
				CLANG_WARN_DIRECT_OBJC_ISA_USAGE = YES_ERROR;
				CLANG_WARN_EMPTY_BODY = YES;
				CLANG_WARN_ENUM_CONVERSION = YES;
				CLANG_WARN_INT_CONVERSION = YES;
				CLANG_WARN_OBJC_ROOT_CLASS = YES_ERROR;
				CLANG_WARN__DUPLICATE_METHOD_MATCH = YES;
				COPY_PHASE_STRIP = NO;
				GCC_C_LANGUAGE_STANDARD = gnu99;
				GCC_DYNAMIC_NO_PIC = NO;
				GCC_ENABLE_OBJC_EXCEPTIONS = YES;
				GCC_OPTIMIZATION_LEVEL = 0;
				GCC_PREPROCESSOR_DEFINITIONS = (
					"DEBUG=1",
					"$(inherited)",
				);
				GCC_SYMBOLS_PRIVATE_EXTERN = NO;
				GCC_WARN_64_TO_32_BIT_CONVERSION = YES;
				GCC_WARN_ABOUT_RETURN_TYPE = YES_ERROR;
				GCC_WARN_UNDECLARED_SELECTOR = YES;
				GCC_WARN_UNINITIALIZED_AUTOS = YES_AGGRESSIVE;
				GCC_WARN_UNUSED_FUNCTION = YES;
				GCC_WARN_UNUSED_VARIABLE = YES;
				MACOSX_DEPLOYMENT_TARGET = 10.9;
				ONLY_ACTIVE_ARCH = YES;
				SDKROOT = macosx;
			};
			name = Debug;
		};
		8F0A5F621A549BC2005A733B /* Release */ = {
			isa = XCBuildConfiguration;
			buildSettings = {
				ALWAYS_SEARCH_USER_PATHS = NO;
				CLANG_CXX_LANGUAGE_STANDARD = "gnu++0x";
				CLANG_CXX_LIBRARY = "libc++";
				CLANG_ENABLE_MODULES = YES;
				CLANG_ENABLE_OBJC_ARC = YES;
				CLANG_WARN_BOOL_CONVERSION = YES;
				CLANG_WARN_CONSTANT_CONVERSION = YES;
				CLANG_WARN_DIRECT_OBJC_ISA_USAGE = YES_ERROR;
				CLANG_WARN_EMPTY_BODY = YES;
				CLANG_WARN_ENUM_CONVERSION = YES;
				CLANG_WARN_INT_CONVERSION = YES;
				CLANG_WARN_OBJC_ROOT_CLASS = YES_ERROR;
				CLANG_WARN__DUPLICATE_METHOD_MATCH = YES;
				COPY_PHASE_STRIP = YES;
				DEBUG_INFORMATION_FORMAT = "dwarf-with-dsym";
				ENABLE_NS_ASSERTIONS = NO;
				GCC_C_LANGUAGE_STANDARD = gnu99;
				GCC_ENABLE_OBJC_EXCEPTIONS = YES;
				GCC_WARN_64_TO_32_BIT_CONVERSION = YES;
				GCC_WARN_ABOUT_RETURN_TYPE = YES_ERROR;
				GCC_WARN_UNDECLARED_SELECTOR = YES;
				GCC_WARN_UNINITIALIZED_AUTOS = YES_AGGRESSIVE;
				GCC_WARN_UNUSED_FUNCTION = YES;
				GCC_WARN_UNUSED_VARIABLE = YES;
				MACOSX_DEPLOYMENT_TARGET = 10.9;
				SDKROOT = macosx;
			};
			name = Release;
		};
		8F0A5F641A549BC2005A733B /* Debug */ = {
			isa = XCBuildConfiguration;
			buildSettings = {
				ARCHS = "$(ARCHS_STANDARD_32_BIT)";
				EXECUTABLE_EXTENSION = pd_darwin;
				EXECUTABLE_PREFIX = "";
				OTHER_LDFLAGS = (
					"-undefined",
					dynamic_lookup,
				);
				PRODUCT_NAME = scheme;
			};
			name = Debug;
		};
		8F0A5F651A549BC2005A733B /* Release */ = {
			isa = XCBuildConfiguration;
			buildSettings = {
				ARCHS = "$(ARCHS_STANDARD_32_BIT)";
				EXECUTABLE_EXTENSION = pd_darwin;
				EXECUTABLE_PREFIX = "";
				OTHER_LDFLAGS = (
					"-undefined",
					dynamic_lookup,
				);
				PRODUCT_NAME = scheme;
			};
			name = Release;
		};
/* End XCBuildConfiguration section */

/* Begin XCConfigurationList section */
		8F0A5F5A1A549BC2005A733B /* Build configuration list for PBXProject "Pd_Scheme" */ = {
			isa = XCConfigurationList;
			buildConfigurations = (
				8F0A5F611A549BC2005A733B /* Debug */,
				8F0A5F621A549BC2005A733B /* Release */,
			);
			defaultConfigurationIsVisible = 0;
			defaultConfigurationName = Release;
		};
		8F0A5F631A549BC2005A733B /* Build configuration list for PBXNativeTarget "Pd_Scheme" */ = {
			isa = XCConfigurationList;
			buildConfigurations = (
				8F0A5F641A549BC2005A733B /* Debug */,
				8F0A5F651A549BC2005A733B /* Release */,
			);
			defaultConfigurationIsVisible = 0;
			defaultConfigurationName = Release;
		};
/* End XCConfigurationList section */
	};
	rootObject = 8F0A5F571A549BC2005A733B /* Project object */;
}
